
Microsoft Visual Studio Solution File, Format Version 12.00
# Visual Studio Version 17
VisualStudioVersion = 17.5.002.0
MinimumVisualStudioVersion = 10.0.40219.1
Project("{9A19103F-16F7-4668-BE54-9A1E7A4F7556}") = "KNT", "KNT.csproj", "{5ED11853-3D6E-4565-9C37-4D126D9A1346}"
EndProject
Global
	GlobalSection(SolutionConfigurationPlatforms) = preSolution
		Debug|Any CPU = Debug|Any CPU
		Release|Any CPU = Release|Any CPU
	EndGlobalSection
	GlobalSection(ProjectConfigurationPlatforms) = postSolution
		{5ED11853-3D6E-4565-9C37-4D126D9A1346}.Debug|Any CPU.ActiveCfg = Debug|Any CPU
		{5ED11853-3D6E-4565-9C37-4D126D9A1346}.Debug|Any CPU.Build.0 = Debug|Any CPU
		{5ED11853-3D6E-4565-9C37-4D126D9A1346}.Release|Any CPU.ActiveCfg = Release|Any CPU
		{5ED11853-3D6E-4565-9C37-4D126D9A1346}.Release|Any CPU.Build.0 = Release|Any CPU
	EndGlobalSection
	GlobalSection(SolutionProperties) = preSolution
		HideSolutionNode = FALSE
	EndGlobalSection
	GlobalSection(ExtensibilityGlobals) = postSolution
		SolutionGuid = {492F550A-03BC-4959-B181-3F7E03E6344E}
	EndGlobalSection
EndGlobal
